
Microsoft Visual Studio Solution File, Format Version 12.00
# Visual Studio Version 17
VisualStudioVersion = 17.4.33213.308
MinimumVisualStudioVersion = 10.0.40219.1
Project("{FAE04EC0-301F-11D3-BF4B-00C04F79EFBC}") = "HSE_Football_Backend", "HSE_Football_Backend\HSE_Football_Backend.csproj", "{5216E3F2-E710-476B-B747-9C367B0C06D3}"
EndProject
Global
	GlobalSection(SolutionConfigurationPlatforms) = preSolution
		Debug|Any CPU = Debug|Any CPU
		Release|Any CPU = Release|Any CPU
	EndGlobalSection
	GlobalSection(ProjectConfigurationPlatforms) = postSolution
		{5216E3F2-E710-476B-B747-9C367B0C06D3}.Debug|Any CPU.ActiveCfg = Debug|Any CPU
		{5216E3F2-E710-476B-B747-9C367B0C06D3}.Debug|Any CPU.Build.0 = Debug|Any CPU
		{5216E3F2-E710-476B-B747-9C367B0C06D3}.Release|Any CPU.ActiveCfg = Release|Any CPU
		{5216E3F2-E710-476B-B747-9C367B0C06D3}.Release|Any CPU.Build.0 = Release|Any CPU
	EndGlobalSection
	GlobalSection(SolutionProperties) = preSolution
		HideSolutionNode = FALSE
	EndGlobalSection
	GlobalSection(ExtensibilityGlobals) = postSolution
		SolutionGuid = {E6FE2C10-D4C5-4FE9-AEB4-6265C8BBE7BA}
	EndGlobalSection
EndGlobal
