PODS:
  - InputMask (6.1.0)
  - R.swift (7.3.0)
  - SnapKit (5.6.0)

DEPENDENCIES:
  - InputMask
  - R.swift
  - SnapKit (~> 5.6.0)

SPEC REPOS:
  trunk:
    - InputMask
    - R.swift
    - SnapKit

SPEC CHECKSUMS:
  InputMask: 71d291dc54d2deaeac6512afb6ec2304228c0bb7
  R.swift: cef1c530541cb49412752721797f10dae6b32d11
  SnapKit: e01d52ebb8ddbc333eefe2132acf85c8227d9c25

PODFILE CHECKSUM: 355be5d31d7f9010d332de03b9b8cf56a7baf07f

COCOAPODS: 1.11.3
